
Microsoft Visual Studio Solution File, Format Version 12.00
# Visual Studio 14
VisualStudioVersion = 14.0.24720.0
MinimumVisualStudioVersion = 10.0.40219.1
Project("{FAE04EC0-301F-11D3-BF4B-00C04F79EFBC}") = "KinopoiskParser", "KinopoiskParser\KinopoiskParser.csproj", "{740C6F24-FED2-40B8-9EE0-DC34EE26E001}"
EndProject
Project("{FAE04EC0-301F-11D3-BF4B-00C04F79EFBC}") = "HelpParseApplication", "HelpParseApplication\HelpParseApplication.csproj", "{701D73CA-BD4B-4E88-B774-477DD7E61A50}"
EndProject
Global
	GlobalSection(SolutionConfigurationPlatforms) = preSolution
		Debug|Any CPU = Debug|Any CPU
		Release|Any CPU = Release|Any CPU
	EndGlobalSection
	GlobalSection(ProjectConfigurationPlatforms) = postSolution
		{740C6F24-FED2-40B8-9EE0-DC34EE26E001}.Debug|Any CPU.ActiveCfg = Debug|Any CPU
		{740C6F24-FED2-40B8-9EE0-DC34EE26E001}.Debug|Any CPU.Build.0 = Debug|Any CPU
		{740C6F24-FED2-40B8-9EE0-DC34EE26E001}.Release|Any CPU.ActiveCfg = Release|Any CPU
		{740C6F24-FED2-40B8-9EE0-DC34EE26E001}.Release|Any CPU.Build.0 = Release|Any CPU
		{701D73CA-BD4B-4E88-B774-477DD7E61A50}.Debug|Any CPU.ActiveCfg = Debug|Any CPU
		{701D73CA-BD4B-4E88-B774-477DD7E61A50}.Debug|Any CPU.Build.0 = Debug|Any CPU
		{701D73CA-BD4B-4E88-B774-477DD7E61A50}.Release|Any CPU.ActiveCfg = Release|Any CPU
		{701D73CA-BD4B-4E88-B774-477DD7E61A50}.Release|Any CPU.Build.0 = Release|Any CPU
	EndGlobalSection
	GlobalSection(SolutionProperties) = preSolution
		HideSolutionNode = FALSE
	EndGlobalSection
EndGlobal
